
Microsoft Visual Studio Solution File, Format Version 12.00
# Visual Studio 15
VisualStudioVersion = 15.0.26430.6
MinimumVisualStudioVersion = 10.0.40219.1
Project("{FAE04EC0-301F-11D3-BF4B-00C04F79EFBC}") = "NServiceBus.Transport.Msmq.TransportTests", "NServiceBus.Transport.Msmq.TransportTests\NServiceBus.Transport.Msmq.TransportTests.csproj", "{C7255A45-6D42-48BF-8CB5-5CD0FE996B71}"
EndProject
Project("{FAE04EC0-301F-11D3-BF4B-00C04F79EFBC}") = "NServiceBus.Transport.Msmq.AcceptanceTests", "NServiceBus.Transport.Msmq.AcceptanceTests\NServiceBus.Transport.Msmq.AcceptanceTests.csproj", "{175CCACE-FC7D-474C-B02D-6A505B24B600}"
EndProject
Project("{FAE04EC0-301F-11D3-BF4B-00C04F79EFBC}") = "NserviceBus.Transport.Msmq", "NserviceBus.Transport.Msmq\NserviceBus.Transport.Msmq.csproj", "{D60AC41F-E7A9-46C7-9086-87A3D2AD3325}"
EndProject
Global
	GlobalSection(SolutionConfigurationPlatforms) = preSolution
		Debug|Any CPU = Debug|Any CPU
		Release|Any CPU = Release|Any CPU
	EndGlobalSection
	GlobalSection(ProjectConfigurationPlatforms) = postSolution
		{C7255A45-6D42-48BF-8CB5-5CD0FE996B71}.Debug|Any CPU.ActiveCfg = Debug|Any CPU
		{C7255A45-6D42-48BF-8CB5-5CD0FE996B71}.Debug|Any CPU.Build.0 = Debug|Any CPU
		{C7255A45-6D42-48BF-8CB5-5CD0FE996B71}.Release|Any CPU.ActiveCfg = Release|Any CPU
		{C7255A45-6D42-48BF-8CB5-5CD0FE996B71}.Release|Any CPU.Build.0 = Release|Any CPU
		{175CCACE-FC7D-474C-B02D-6A505B24B600}.Debug|Any CPU.ActiveCfg = Debug|Any CPU
		{175CCACE-FC7D-474C-B02D-6A505B24B600}.Debug|Any CPU.Build.0 = Debug|Any CPU
		{175CCACE-FC7D-474C-B02D-6A505B24B600}.Release|Any CPU.ActiveCfg = Release|Any CPU
		{175CCACE-FC7D-474C-B02D-6A505B24B600}.Release|Any CPU.Build.0 = Release|Any CPU
		{D60AC41F-E7A9-46C7-9086-87A3D2AD3325}.Debug|Any CPU.ActiveCfg = Debug|Any CPU
		{D60AC41F-E7A9-46C7-9086-87A3D2AD3325}.Debug|Any CPU.Build.0 = Debug|Any CPU
		{D60AC41F-E7A9-46C7-9086-87A3D2AD3325}.Release|Any CPU.ActiveCfg = Release|Any CPU
		{D60AC41F-E7A9-46C7-9086-87A3D2AD3325}.Release|Any CPU.Build.0 = Release|Any CPU
	EndGlobalSection
	GlobalSection(SolutionProperties) = preSolution
		HideSolutionNode = FALSE
	EndGlobalSection
EndGlobal
